
Microsoft Visual Studio Solution File, Format Version 12.00
Project("{FAE04EC0-301F-11D3-BF4B-00C04F79EFBC}") = "Day01", "Day01\Day01.csproj", "{08900121-BED7-4950-95AD-290B001FC65D}"
EndProject
Project("{FAE04EC0-301F-11D3-BF4B-00C04F79EFBC}") = "Day02", "Day02\Day02.csproj", "{0D63E0B2-3466-465B-94BA-572C33203608}"
EndProject
Project("{FAE04EC0-301F-11D3-BF4B-00C04F79EFBC}") = "Day03", "Day03\Day03.csproj", "{EE2B3F11-1F10-4AB7-8570-8E50AA6FEE9A}"
EndProject
Project("{FAE04EC0-301F-11D3-BF4B-00C04F79EFBC}") = "Day04", "Day04\Day04.csproj", "{F03A751F-F8FB-4F48-9FDC-5C4E549319A4}"
EndProject
Project("{FAE04EC0-301F-11D3-BF4B-00C04F79EFBC}") = "Day05", "Day05\Day05.csproj", "{C007ACC4-D494-40B3-A958-426B65B43AB0}"
EndProject
Project("{FAE04EC0-301F-11D3-BF4B-00C04F79EFBC}") = "Day06", "Day06\Day06.csproj", "{34993910-FE30-4808-9238-60418F2A41AF}"
EndProject
Project("{FAE04EC0-301F-11D3-BF4B-00C04F79EFBC}") = "Day07", "Day07\Day07.csproj", "{BEB78071-5370-47A4-BCC5-2825C428814C}"
EndProject
Project("{FAE04EC0-301F-11D3-BF4B-00C04F79EFBC}") = "Day08", "Day08\Day08.csproj", "{D99EFDF1-03B0-4B24-8147-EC7FB008976C}"
EndProject
Project("{FAE04EC0-301F-11D3-BF4B-00C04F79EFBC}") = "Day09", "Day09\Day09.csproj", "{E2A48D37-BEBA-44E6-B531-BADC260884F9}"
EndProject
Project("{FAE04EC0-301F-11D3-BF4B-00C04F79EFBC}") = "Day10", "Day10\Day10.csproj", "{F483CA00-B3F1-499E-B513-1ACA9AAC44CE}"
EndProject
Project("{FAE04EC0-301F-11D3-BF4B-00C04F79EFBC}") = "Day11", "Day11\Day11.csproj", "{96CB1A3A-398A-4E81-93DC-83EE5E000725}"
EndProject
Project("{FAE04EC0-301F-11D3-BF4B-00C04F79EFBC}") = "Day12", "Day12\Day12.csproj", "{0C4A73FB-4EA2-49C1-8A0F-80240B12C5FA}"
EndProject
Project("{FAE04EC0-301F-11D3-BF4B-00C04F79EFBC}") = "Day13", "Day13\Day13.csproj", "{689A2548-9D9F-4E23-B64A-249318FC5156}"
EndProject
Project("{FAE04EC0-301F-11D3-BF4B-00C04F79EFBC}") = "Day14", "Day14\Day14.csproj", "{2EC4DC74-E116-464C-B99A-749CFAC736BA}"
EndProject
Project("{FAE04EC0-301F-11D3-BF4B-00C04F79EFBC}") = "Day15", "Day15\Day15.csproj", "{EF50305B-61E9-4897-83F1-0F9001425F7E}"
EndProject
Project("{FAE04EC0-301F-11D3-BF4B-00C04F79EFBC}") = "Day16", "Day16\Day16.csproj", "{2AB1544B-9DE6-4923-AD90-5870AE20688E}"
EndProject
Project("{FAE04EC0-301F-11D3-BF4B-00C04F79EFBC}") = "Day17", "Day17\Day17.csproj", "{DF192747-1D75-48A3-B61E-32D343E90167}"
EndProject
Global
	GlobalSection(SolutionConfigurationPlatforms) = preSolution
		Debug|Any CPU = Debug|Any CPU
		Release|Any CPU = Release|Any CPU
	EndGlobalSection
	GlobalSection(ProjectConfigurationPlatforms) = postSolution
		{08900121-BED7-4950-95AD-290B001FC65D}.Debug|Any CPU.ActiveCfg = Debug|Any CPU
		{08900121-BED7-4950-95AD-290B001FC65D}.Debug|Any CPU.Build.0 = Debug|Any CPU
		{08900121-BED7-4950-95AD-290B001FC65D}.Release|Any CPU.ActiveCfg = Release|Any CPU
		{08900121-BED7-4950-95AD-290B001FC65D}.Release|Any CPU.Build.0 = Release|Any CPU
		{0D63E0B2-3466-465B-94BA-572C33203608}.Debug|Any CPU.ActiveCfg = Debug|Any CPU
		{0D63E0B2-3466-465B-94BA-572C33203608}.Debug|Any CPU.Build.0 = Debug|Any CPU
		{0D63E0B2-3466-465B-94BA-572C33203608}.Release|Any CPU.ActiveCfg = Release|Any CPU
		{0D63E0B2-3466-465B-94BA-572C33203608}.Release|Any CPU.Build.0 = Release|Any CPU
		{EE2B3F11-1F10-4AB7-8570-8E50AA6FEE9A}.Debug|Any CPU.ActiveCfg = Debug|Any CPU
		{EE2B3F11-1F10-4AB7-8570-8E50AA6FEE9A}.Debug|Any CPU.Build.0 = Debug|Any CPU
		{EE2B3F11-1F10-4AB7-8570-8E50AA6FEE9A}.Release|Any CPU.ActiveCfg = Release|Any CPU
		{EE2B3F11-1F10-4AB7-8570-8E50AA6FEE9A}.Release|Any CPU.Build.0 = Release|Any CPU
		{F03A751F-F8FB-4F48-9FDC-5C4E549319A4}.Debug|Any CPU.ActiveCfg = Debug|Any CPU
		{F03A751F-F8FB-4F48-9FDC-5C4E549319A4}.Debug|Any CPU.Build.0 = Debug|Any CPU
		{F03A751F-F8FB-4F48-9FDC-5C4E549319A4}.Release|Any CPU.ActiveCfg = Release|Any CPU
		{F03A751F-F8FB-4F48-9FDC-5C4E549319A4}.Release|Any CPU.Build.0 = Release|Any CPU
		{C007ACC4-D494-40B3-A958-426B65B43AB0}.Debug|Any CPU.ActiveCfg = Debug|Any CPU
		{C007ACC4-D494-40B3-A958-426B65B43AB0}.Debug|Any CPU.Build.0 = Debug|Any CPU
		{C007ACC4-D494-40B3-A958-426B65B43AB0}.Release|Any CPU.ActiveCfg = Release|Any CPU
		{C007ACC4-D494-40B3-A958-426B65B43AB0}.Release|Any CPU.Build.0 = Release|Any CPU
		{34993910-FE30-4808-9238-60418F2A41AF}.Debug|Any CPU.ActiveCfg = Debug|Any CPU
		{34993910-FE30-4808-9238-60418F2A41AF}.Debug|Any CPU.Build.0 = Debug|Any CPU
		{34993910-FE30-4808-9238-60418F2A41AF}.Release|Any CPU.ActiveCfg = Release|Any CPU
		{34993910-FE30-4808-9238-60418F2A41AF}.Release|Any CPU.Build.0 = Release|Any CPU
		{BEB78071-5370-47A4-BCC5-2825C428814C}.Debug|Any CPU.ActiveCfg = Debug|Any CPU
		{BEB78071-5370-47A4-BCC5-2825C428814C}.Debug|Any CPU.Build.0 = Debug|Any CPU
		{BEB78071-5370-47A4-BCC5-2825C428814C}.Release|Any CPU.ActiveCfg = Release|Any CPU
		{BEB78071-5370-47A4-BCC5-2825C428814C}.Release|Any CPU.Build.0 = Release|Any CPU
		{D99EFDF1-03B0-4B24-8147-EC7FB008976C}.Debug|Any CPU.ActiveCfg = Debug|Any CPU
		{D99EFDF1-03B0-4B24-8147-EC7FB008976C}.Debug|Any CPU.Build.0 = Debug|Any CPU
		{D99EFDF1-03B0-4B24-8147-EC7FB008976C}.Release|Any CPU.ActiveCfg = Release|Any CPU
		{D99EFDF1-03B0-4B24-8147-EC7FB008976C}.Release|Any CPU.Build.0 = Release|Any CPU
		{E2A48D37-BEBA-44E6-B531-BADC260884F9}.Debug|Any CPU.ActiveCfg = Debug|Any CPU
		{E2A48D37-BEBA-44E6-B531-BADC260884F9}.Debug|Any CPU.Build.0 = Debug|Any CPU
		{E2A48D37-BEBA-44E6-B531-BADC260884F9}.Release|Any CPU.ActiveCfg = Release|Any CPU
		{E2A48D37-BEBA-44E6-B531-BADC260884F9}.Release|Any CPU.Build.0 = Release|Any CPU
		{F483CA00-B3F1-499E-B513-1ACA9AAC44CE}.Debug|Any CPU.ActiveCfg = Debug|Any CPU
		{F483CA00-B3F1-499E-B513-1ACA9AAC44CE}.Debug|Any CPU.Build.0 = Debug|Any CPU
		{F483CA00-B3F1-499E-B513-1ACA9AAC44CE}.Release|Any CPU.ActiveCfg = Release|Any CPU
		{F483CA00-B3F1-499E-B513-1ACA9AAC44CE}.Release|Any CPU.Build.0 = Release|Any CPU
		{96CB1A3A-398A-4E81-93DC-83EE5E000725}.Debug|Any CPU.ActiveCfg = Debug|Any CPU
		{96CB1A3A-398A-4E81-93DC-83EE5E000725}.Debug|Any CPU.Build.0 = Debug|Any CPU
		{96CB1A3A-398A-4E81-93DC-83EE5E000725}.Release|Any CPU.ActiveCfg = Release|Any CPU
		{96CB1A3A-398A-4E81-93DC-83EE5E000725}.Release|Any CPU.Build.0 = Release|Any CPU
		{0C4A73FB-4EA2-49C1-8A0F-80240B12C5FA}.Debug|Any CPU.ActiveCfg = Debug|Any CPU
		{0C4A73FB-4EA2-49C1-8A0F-80240B12C5FA}.Debug|Any CPU.Build.0 = Debug|Any CPU
		{0C4A73FB-4EA2-49C1-8A0F-80240B12C5FA}.Release|Any CPU.ActiveCfg = Release|Any CPU
		{0C4A73FB-4EA2-49C1-8A0F-80240B12C5FA}.Release|Any CPU.Build.0 = Release|Any CPU
		{689A2548-9D9F-4E23-B64A-249318FC5156}.Debug|Any CPU.ActiveCfg = Debug|Any CPU
		{689A2548-9D9F-4E23-B64A-249318FC5156}.Debug|Any CPU.Build.0 = Debug|Any CPU
		{689A2548-9D9F-4E23-B64A-249318FC5156}.Release|Any CPU.ActiveCfg = Release|Any CPU
		{689A2548-9D9F-4E23-B64A-249318FC5156}.Release|Any CPU.Build.0 = Release|Any CPU
		{2EC4DC74-E116-464C-B99A-749CFAC736BA}.Debug|Any CPU.ActiveCfg = Debug|Any CPU
		{2EC4DC74-E116-464C-B99A-749CFAC736BA}.Debug|Any CPU.Build.0 = Debug|Any CPU
		{2EC4DC74-E116-464C-B99A-749CFAC736BA}.Release|Any CPU.ActiveCfg = Release|Any CPU
		{2EC4DC74-E116-464C-B99A-749CFAC736BA}.Release|Any CPU.Build.0 = Release|Any CPU
		{EF50305B-61E9-4897-83F1-0F9001425F7E}.Debug|Any CPU.ActiveCfg = Debug|Any CPU
		{EF50305B-61E9-4897-83F1-0F9001425F7E}.Debug|Any CPU.Build.0 = Debug|Any CPU
		{EF50305B-61E9-4897-83F1-0F9001425F7E}.Release|Any CPU.ActiveCfg = Release|Any CPU
		{EF50305B-61E9-4897-83F1-0F9001425F7E}.Release|Any CPU.Build.0 = Release|Any CPU
		{2AB1544B-9DE6-4923-AD90-5870AE20688E}.Debug|Any CPU.ActiveCfg = Debug|Any CPU
		{2AB1544B-9DE6-4923-AD90-5870AE20688E}.Debug|Any CPU.Build.0 = Debug|Any CPU
		{2AB1544B-9DE6-4923-AD90-5870AE20688E}.Release|Any CPU.ActiveCfg = Release|Any CPU
		{2AB1544B-9DE6-4923-AD90-5870AE20688E}.Release|Any CPU.Build.0 = Release|Any CPU
		{DF192747-1D75-48A3-B61E-32D343E90167}.Debug|Any CPU.ActiveCfg = Debug|Any CPU
		{DF192747-1D75-48A3-B61E-32D343E90167}.Debug|Any CPU.Build.0 = Debug|Any CPU
		{DF192747-1D75-48A3-B61E-32D343E90167}.Release|Any CPU.ActiveCfg = Release|Any CPU
		{DF192747-1D75-48A3-B61E-32D343E90167}.Release|Any CPU.Build.0 = Release|Any CPU
	EndGlobalSection
EndGlobal
