
Microsoft Visual Studio Solution File, Format Version 12.00
Project("{FAE04EC0-301F-11D3-BF4B-00C04F79EFBC}") = "Day1", "Day1\Day1.csproj", "{08900121-BED7-4950-95AD-290B001FC65D}"
EndProject
Project("{FAE04EC0-301F-11D3-BF4B-00C04F79EFBC}") = "Day2", "Day2\Day2.csproj", "{0D63E0B2-3466-465B-94BA-572C33203608}"
EndProject
Project("{FAE04EC0-301F-11D3-BF4B-00C04F79EFBC}") = "Day3", "Day3\Day3.csproj", "{EE2B3F11-1F10-4AB7-8570-8E50AA6FEE9A}"
EndProject
Project("{FAE04EC0-301F-11D3-BF4B-00C04F79EFBC}") = "Day4", "Day4\Day4.csproj", "{F03A751F-F8FB-4F48-9FDC-5C4E549319A4}"
EndProject
Project("{FAE04EC0-301F-11D3-BF4B-00C04F79EFBC}") = "Day5", "Day5\Day5.csproj", "{C007ACC4-D494-40B3-A958-426B65B43AB0}"
EndProject
Global
	GlobalSection(SolutionConfigurationPlatforms) = preSolution
		Debug|Any CPU = Debug|Any CPU
		Release|Any CPU = Release|Any CPU
	EndGlobalSection
	GlobalSection(ProjectConfigurationPlatforms) = postSolution
		{08900121-BED7-4950-95AD-290B001FC65D}.Debug|Any CPU.ActiveCfg = Debug|Any CPU
		{08900121-BED7-4950-95AD-290B001FC65D}.Debug|Any CPU.Build.0 = Debug|Any CPU
		{08900121-BED7-4950-95AD-290B001FC65D}.Release|Any CPU.ActiveCfg = Release|Any CPU
		{08900121-BED7-4950-95AD-290B001FC65D}.Release|Any CPU.Build.0 = Release|Any CPU
		{0D63E0B2-3466-465B-94BA-572C33203608}.Debug|Any CPU.ActiveCfg = Debug|Any CPU
		{0D63E0B2-3466-465B-94BA-572C33203608}.Debug|Any CPU.Build.0 = Debug|Any CPU
		{0D63E0B2-3466-465B-94BA-572C33203608}.Release|Any CPU.ActiveCfg = Release|Any CPU
		{0D63E0B2-3466-465B-94BA-572C33203608}.Release|Any CPU.Build.0 = Release|Any CPU
		{EE2B3F11-1F10-4AB7-8570-8E50AA6FEE9A}.Debug|Any CPU.ActiveCfg = Debug|Any CPU
		{EE2B3F11-1F10-4AB7-8570-8E50AA6FEE9A}.Debug|Any CPU.Build.0 = Debug|Any CPU
		{EE2B3F11-1F10-4AB7-8570-8E50AA6FEE9A}.Release|Any CPU.ActiveCfg = Release|Any CPU
		{EE2B3F11-1F10-4AB7-8570-8E50AA6FEE9A}.Release|Any CPU.Build.0 = Release|Any CPU
		{F03A751F-F8FB-4F48-9FDC-5C4E549319A4}.Debug|Any CPU.ActiveCfg = Debug|Any CPU
		{F03A751F-F8FB-4F48-9FDC-5C4E549319A4}.Debug|Any CPU.Build.0 = Debug|Any CPU
		{F03A751F-F8FB-4F48-9FDC-5C4E549319A4}.Release|Any CPU.ActiveCfg = Release|Any CPU
		{F03A751F-F8FB-4F48-9FDC-5C4E549319A4}.Release|Any CPU.Build.0 = Release|Any CPU
		{C007ACC4-D494-40B3-A958-426B65B43AB0}.Debug|Any CPU.ActiveCfg = Debug|Any CPU
		{C007ACC4-D494-40B3-A958-426B65B43AB0}.Debug|Any CPU.Build.0 = Debug|Any CPU
		{C007ACC4-D494-40B3-A958-426B65B43AB0}.Release|Any CPU.ActiveCfg = Release|Any CPU
		{C007ACC4-D494-40B3-A958-426B65B43AB0}.Release|Any CPU.Build.0 = Release|Any CPU
	EndGlobalSection
EndGlobal
